
Microsoft Visual Studio Solution File, Format Version 12.00
# Visual Studio Version 16
VisualStudioVersion = 16.0.30907.101
MinimumVisualStudioVersion = 10.0.40219.1
Project("{FAE04EC0-301F-11D3-BF4B-00C04F79EFBC}") = "WindowsFormsApp20220605_Slide_Show", "WindowsFormsApp20220605_Slide_Show\WindowsFormsApp20220605_Slide_Show.csproj", "{1A21D1AE-7D00-4E00-A660-46353BEB9A72}"
EndProject
Global
	GlobalSection(SolutionConfigurationPlatforms) = preSolution
		Debug|Any CPU = Debug|Any CPU
		Release|Any CPU = Release|Any CPU
	EndGlobalSection
	GlobalSection(ProjectConfigurationPlatforms) = postSolution
		{1A21D1AE-7D00-4E00-A660-46353BEB9A72}.Debug|Any CPU.ActiveCfg = Debug|Any CPU
		{1A21D1AE-7D00-4E00-A660-46353BEB9A72}.Debug|Any CPU.Build.0 = Debug|Any CPU
		{1A21D1AE-7D00-4E00-A660-46353BEB9A72}.Release|Any CPU.ActiveCfg = Release|Any CPU
		{1A21D1AE-7D00-4E00-A660-46353BEB9A72}.Release|Any CPU.Build.0 = Release|Any CPU
	EndGlobalSection
	GlobalSection(SolutionProperties) = preSolution
		HideSolutionNode = FALSE
	EndGlobalSection
	GlobalSection(ExtensibilityGlobals) = postSolution
		SolutionGuid = {D396F195-B314-4C86-9233-59C9312A5C6A}
	EndGlobalSection
EndGlobal
